# This file is automatically @generated by Cargo.
# It is not intended for manual editing.
version = 3

[[package]]
name = "drive-state"
version = "0.1.0"
dependencies = [
 "except-plugin",
]

[[package]]
name = "except-plugin"
version = "0.0.1"
source = "registry+https://github.com/rust-lang/crates.io-index"
checksum = "311e329669b7bf9098128e67b2a1dcfdf218a260d06164b74c7d129e7ad9255a"

[[package]]
name = "tests"
version = "0.1.0"
dependencies = [
 "drive-state",
]
